// !$*UTF8*$!
{
	archiveVersion = 1;
	classes = {
	};
	objectVersion = 50;
	objects = {

/* Begin PBXBuildFile section */
		555CA312FE8F7E1E6FA8431B /* libPods-TUIWeatherTests.a in Frameworks */ = {isa = PBXBuildFile; fileRef = 358D77FC1F221E24B34733A5 /* libPods-TUIWeatherTests.a */; };
		56017D3E20A4AF1E00520C5E /* WeatherStatusTableViewController.swift in Sources */ = {isa = PBXBuildFile; fileRef = 56017D3D20A4AF1E00520C5E /* WeatherStatusTableViewController.swift */; };
		56017D4020A4B04600520C5E /* WeatherStatusTableViewCell.swift in Sources */ = {isa = PBXBuildFile; fileRef = 56017D3F20A4B04600520C5E /* WeatherStatusTableViewCell.swift */; };
		56017D4220A4CEF300520C5E /* WeatherStatusTableViewModel.swift in Sources */ = {isa = PBXBuildFile; fileRef = 56017D4120A4CEF300520C5E /* WeatherStatusTableViewModel.swift */; };
		56017D4420A4E0B100520C5E /* WeatherStatusCollectionViewCell.swift in Sources */ = {isa = PBXBuildFile; fileRef = 56017D4320A4E0B100520C5E /* WeatherStatusCollectionViewCell.swift */; };
		56017D4620A4E36000520C5E /* WeatherStatusDayView.swift in Sources */ = {isa = PBXBuildFile; fileRef = 56017D4520A4E36000520C5E /* WeatherStatusDayView.swift */; };
		56017D4820A4EFE400520C5E /* WeatherStatusImageCache.swift in Sources */ = {isa = PBXBuildFile; fileRef = 56017D4720A4EFE400520C5E /* WeatherStatusImageCache.swift */; };
		56017D4A20A4F36B00520C5E /* ukcityList.json in Resources */ = {isa = PBXBuildFile; fileRef = 56017D4920A4F36B00520C5E /* ukcityList.json */; };
		562579C120A62D7F00F26D02 /* Localizable.strings in Resources */ = {isa = PBXBuildFile; fileRef = 562579BD20A62D7F00F26D02 /* Localizable.strings */; };
		562579C420A634E600F26D02 /* WeatherStatusMapVIew.swift in Sources */ = {isa = PBXBuildFile; fileRef = 562579C320A634E600F26D02 /* WeatherStatusMapVIew.swift */; };
		562579D520A75AD000F26D02 /* RequestManagerTests.swift in Sources */ = {isa = PBXBuildFile; fileRef = 562579D420A75AD000F26D02 /* RequestManagerTests.swift */; };
		562579D720A75AF100F26D02 /* WeatherClientTests.swift in Sources */ = {isa = PBXBuildFile; fileRef = 562579D620A75AF000F26D02 /* WeatherClientTests.swift */; };
		562579D920A75C3200F26D02 /* weatherInfoList.json in Resources */ = {isa = PBXBuildFile; fileRef = 562579D820A75C3200F26D02 /* weatherInfoList.json */; };
		562579DE20A76ABD00F26D02 /* invalidWeatherInfoList.json in Resources */ = {isa = PBXBuildFile; fileRef = 562579DD20A76ABD00F26D02 /* invalidWeatherInfoList.json */; };
		562579E020A76BD000F26D02 /* weatherInfo.json in Resources */ = {isa = PBXBuildFile; fileRef = 562579DF20A76BD000F26D02 /* weatherInfo.json */; };
		562579E220A76BFB00F26D02 /* invalidWeatherInfo.json in Resources */ = {isa = PBXBuildFile; fileRef = 562579E120A76BFB00F26D02 /* invalidWeatherInfo.json */; };
		562579E620A76DA900F26D02 /* WeatherInfoCityTest.swift in Sources */ = {isa = PBXBuildFile; fileRef = 562579E520A76DA900F26D02 /* WeatherInfoCityTest.swift */; };
		562579E920A76DD200F26D02 /* WeatherInfoTests.swift in Sources */ = {isa = PBXBuildFile; fileRef = 562579E720A76DD200F26D02 /* WeatherInfoTests.swift */; };
		562579EA20A76DD200F26D02 /* WeatherInfoListTests.swift in Sources */ = {isa = PBXBuildFile; fileRef = 562579E820A76DD200F26D02 /* WeatherInfoListTests.swift */; };
		562579EC20A76DFC00F26D02 /* weatherInfoCity.json in Resources */ = {isa = PBXBuildFile; fileRef = 562579EB20A76DFB00F26D02 /* weatherInfoCity.json */; };
		562579EE20A76E9F00F26D02 /* invalidWeatherInfoCity.json in Resources */ = {isa = PBXBuildFile; fileRef = 562579ED20A76E9F00F26D02 /* invalidWeatherInfoCity.json */; };
		562579F320A783D100F26D02 /* invalidWeatherInfoCityWithInvalidCoords.json in Resources */ = {isa = PBXBuildFile; fileRef = 562579F220A783D100F26D02 /* invalidWeatherInfoCityWithInvalidCoords.json */; };
		562579F820A79C4100F26D02 /* WeatherStatusDayViewTests.swift in Sources */ = {isa = PBXBuildFile; fileRef = 562579F620A79C4100F26D02 /* WeatherStatusDayViewTests.swift */; };
		562579F920A79C4100F26D02 /* WeatherStatusMapViewTests.swift in Sources */ = {isa = PBXBuildFile; fileRef = 562579F720A79C4100F26D02 /* WeatherStatusMapViewTests.swift */; };
		562579FB20A79C8100F26D02 /* WeatherStatusTableViewCellTests.swift in Sources */ = {isa = PBXBuildFile; fileRef = 562579FA20A79C8000F26D02 /* WeatherStatusTableViewCellTests.swift */; };
		562579FD20A79F9400F26D02 /* WeatherStatusCollectionViewCellTests.swift in Sources */ = {isa = PBXBuildFile; fileRef = 562579FC20A79F9400F26D02 /* WeatherStatusCollectionViewCellTests.swift */; };
		56257A0120A86F6800F26D02 /* WeatherStatusImageCacheTests.swift in Sources */ = {isa = PBXBuildFile; fileRef = 56257A0020A86F6800F26D02 /* WeatherStatusImageCacheTests.swift */; };
		56257A0320A86F8700F26D02 /* WeatherStatusTableViewModelTests.swift in Sources */ = {isa = PBXBuildFile; fileRef = 56257A0220A86F8700F26D02 /* WeatherStatusTableViewModelTests.swift */; };
		56257A0520A8719B00F26D02 /* WeatherStatusTableViewControllerTests.swift in Sources */ = {isa = PBXBuildFile; fileRef = 56257A0420A8719B00F26D02 /* WeatherStatusTableViewControllerTests.swift */; };
		56257A0720A87CA400F26D02 /* WeatherStatusViewControllerTests.swift in Sources */ = {isa = PBXBuildFile; fileRef = 56257A0620A87CA400F26D02 /* WeatherStatusViewControllerTests.swift */; };
		56577D0F20A392D700B40318 /* AppDelegate.swift in Sources */ = {isa = PBXBuildFile; fileRef = 56577D0E20A392D700B40318 /* AppDelegate.swift */; };
		56577D1120A392D700B40318 /* WeatherStatusViewController.swift in Sources */ = {isa = PBXBuildFile; fileRef = 56577D1020A392D700B40318 /* WeatherStatusViewController.swift */; };
		56577D1420A392D700B40318 /* Main.storyboard in Resources */ = {isa = PBXBuildFile; fileRef = 56577D1220A392D700B40318 /* Main.storyboard */; };
		56577D1920A392D900B40318 /* Assets.xcassets in Resources */ = {isa = PBXBuildFile; fileRef = 56577D1820A392D900B40318 /* Assets.xcassets */; };
		56577D1C20A392D900B40318 /* LaunchScreen.storyboard in Resources */ = {isa = PBXBuildFile; fileRef = 56577D1A20A392D900B40318 /* LaunchScreen.storyboard */; };
		56577D2620A3933700B40318 /* RequestManager.swift in Sources */ = {isa = PBXBuildFile; fileRef = 56577D2420A3933700B40318 /* RequestManager.swift */; };
		56577D2720A3933700B40318 /* WeatherClient.swift in Sources */ = {isa = PBXBuildFile; fileRef = 56577D2520A3933700B40318 /* WeatherClient.swift */; };
		56577D3120A3AD0E00B40318 /* WeatherInfo.swift in Sources */ = {isa = PBXBuildFile; fileRef = 56577D3020A3AD0E00B40318 /* WeatherInfo.swift */; };
		56577D3320A3B1F100B40318 /* WeatherInfoList.swift in Sources */ = {isa = PBXBuildFile; fileRef = 56577D3220A3B1F100B40318 /* WeatherInfoList.swift */; };
		56577D3720A3B75A00B40318 /* WeatherInfoCity.swift in Sources */ = {isa = PBXBuildFile; fileRef = 56577D3620A3B75A00B40318 /* WeatherInfoCity.swift */; };
		749E48FB918A8B9DEACA4F5C /* libPods-TUIWeather.a in Frameworks */ = {isa = PBXBuildFile; fileRef = E76D0B1F7F8691A4BC539307 /* libPods-TUIWeather.a */; };
/* End PBXBuildFile section */

/* Begin PBXContainerItemProxy section */
		562579CE20A63E7400F26D02 /* PBXContainerItemProxy */ = {
			isa = PBXContainerItemProxy;
			containerPortal = 56577D0320A392D700B40318 /* Project object */;
			proxyType = 1;
			remoteGlobalIDString = 56577D0A20A392D700B40318;
			remoteInfo = TUIWeather;
		};
/* End PBXContainerItemProxy section */

/* Begin PBXFileReference section */
		252D9F4C67EBE6D339F15274 /* Pods-TUIWeather.release.xcconfig */ = {isa = PBXFileReference; includeInIndex = 1; lastKnownFileType = text.xcconfig; name = "Pods-TUIWeather.release.xcconfig"; path = "Target Support Files/Pods-TUIWeather/Pods-TUIWeather.release.xcconfig"; sourceTree = "<group>"; };
		326946F84035DD0BBA60BF98 /* Pods-TUIWeather.debug.xcconfig */ = {isa = PBXFileReference; includeInIndex = 1; lastKnownFileType = text.xcconfig; name = "Pods-TUIWeather.debug.xcconfig"; path = "Target Support Files/Pods-TUIWeather/Pods-TUIWeather.debug.xcconfig"; sourceTree = "<group>"; };
		358D77FC1F221E24B34733A5 /* libPods-TUIWeatherTests.a */ = {isa = PBXFileReference; explicitFileType = archive.ar; includeInIndex = 0; path = "libPods-TUIWeatherTests.a"; sourceTree = BUILT_PRODUCTS_DIR; };
		56017D3D20A4AF1E00520C5E /* WeatherStatusTableViewController.swift */ = {isa = PBXFileReference; lastKnownFileType = sourcecode.swift; path = WeatherStatusTableViewController.swift; sourceTree = "<group>"; };
		56017D3F20A4B04600520C5E /* WeatherStatusTableViewCell.swift */ = {isa = PBXFileReference; lastKnownFileType = sourcecode.swift; path = WeatherStatusTableViewCell.swift; sourceTree = "<group>"; };
		56017D4120A4CEF300520C5E /* WeatherStatusTableViewModel.swift */ = {isa = PBXFileReference; lastKnownFileType = sourcecode.swift; path = WeatherStatusTableViewModel.swift; sourceTree = "<group>"; };
		56017D4320A4E0B100520C5E /* WeatherStatusCollectionViewCell.swift */ = {isa = PBXFileReference; fileEncoding = 4; lastKnownFileType = sourcecode.swift; path = WeatherStatusCollectionViewCell.swift; sourceTree = "<group>"; };
		56017D4520A4E36000520C5E /* WeatherStatusDayView.swift */ = {isa = PBXFileReference; fileEncoding = 4; lastKnownFileType = sourcecode.swift; path = WeatherStatusDayView.swift; sourceTree = "<group>"; };
		56017D4720A4EFE400520C5E /* WeatherStatusImageCache.swift */ = {isa = PBXFileReference; lastKnownFileType = sourcecode.swift; path = WeatherStatusImageCache.swift; sourceTree = "<group>"; };
		56017D4920A4F36B00520C5E /* ukcityList.json */ = {isa = PBXFileReference; fileEncoding = 4; lastKnownFileType = text.json; path = ukcityList.json; sourceTree = "<group>"; };
		562579BE20A62D7F00F26D02 /* en */ = {isa = PBXFileReference; lastKnownFileType = text.plist.strings; name = en; path = en.lproj/Localizable.strings; sourceTree = "<group>"; };
		562579C320A634E600F26D02 /* WeatherStatusMapVIew.swift */ = {isa = PBXFileReference; fileEncoding = 4; lastKnownFileType = sourcecode.swift; path = WeatherStatusMapVIew.swift; sourceTree = "<group>"; };
		562579C920A63E7400F26D02 /* TUIWeatherTests.xctest */ = {isa = PBXFileReference; explicitFileType = wrapper.cfbundle; includeInIndex = 0; path = TUIWeatherTests.xctest; sourceTree = BUILT_PRODUCTS_DIR; };
		562579CD20A63E7400F26D02 /* Info.plist */ = {isa = PBXFileReference; lastKnownFileType = text.plist.xml; path = Info.plist; sourceTree = "<group>"; };
		562579D420A75AD000F26D02 /* RequestManagerTests.swift */ = {isa = PBXFileReference; fileEncoding = 4; lastKnownFileType = sourcecode.swift; path = RequestManagerTests.swift; sourceTree = "<group>"; };
		562579D620A75AF000F26D02 /* WeatherClientTests.swift */ = {isa = PBXFileReference; fileEncoding = 4; lastKnownFileType = sourcecode.swift; path = WeatherClientTests.swift; sourceTree = "<group>"; };
		562579D820A75C3200F26D02 /* weatherInfoList.json */ = {isa = PBXFileReference; fileEncoding = 4; lastKnownFileType = text.json; path = weatherInfoList.json; sourceTree = "<group>"; };
		562579DD20A76ABD00F26D02 /* invalidWeatherInfoList.json */ = {isa = PBXFileReference; fileEncoding = 4; lastKnownFileType = text.json; path = invalidWeatherInfoList.json; sourceTree = "<group>"; };
		562579DF20A76BD000F26D02 /* weatherInfo.json */ = {isa = PBXFileReference; fileEncoding = 4; lastKnownFileType = text.json; path = weatherInfo.json; sourceTree = "<group>"; };
		562579E120A76BFB00F26D02 /* invalidWeatherInfo.json */ = {isa = PBXFileReference; fileEncoding = 4; lastKnownFileType = text.json; path = invalidWeatherInfo.json; sourceTree = "<group>"; };
		562579E520A76DA900F26D02 /* WeatherInfoCityTest.swift */ = {isa = PBXFileReference; fileEncoding = 4; lastKnownFileType = sourcecode.swift; path = WeatherInfoCityTest.swift; sourceTree = "<group>"; };
		562579E720A76DD200F26D02 /* WeatherInfoTests.swift */ = {isa = PBXFileReference; fileEncoding = 4; lastKnownFileType = sourcecode.swift; path = WeatherInfoTests.swift; sourceTree = "<group>"; };
		562579E820A76DD200F26D02 /* WeatherInfoListTests.swift */ = {isa = PBXFileReference; fileEncoding = 4; lastKnownFileType = sourcecode.swift; path = WeatherInfoListTests.swift; sourceTree = "<group>"; };
		562579EB20A76DFB00F26D02 /* weatherInfoCity.json */ = {isa = PBXFileReference; fileEncoding = 4; lastKnownFileType = text.json; path = weatherInfoCity.json; sourceTree = "<group>"; };
		562579ED20A76E9F00F26D02 /* invalidWeatherInfoCity.json */ = {isa = PBXFileReference; fileEncoding = 4; lastKnownFileType = text.json; path = invalidWeatherInfoCity.json; sourceTree = "<group>"; };
		562579F220A783D100F26D02 /* invalidWeatherInfoCityWithInvalidCoords.json */ = {isa = PBXFileReference; fileEncoding = 4; lastKnownFileType = text.json; path = invalidWeatherInfoCityWithInvalidCoords.json; sourceTree = "<group>"; };
		562579F620A79C4100F26D02 /* WeatherStatusDayViewTests.swift */ = {isa = PBXFileReference; fileEncoding = 4; lastKnownFileType = sourcecode.swift; path = WeatherStatusDayViewTests.swift; sourceTree = "<group>"; };
		562579F720A79C4100F26D02 /* WeatherStatusMapViewTests.swift */ = {isa = PBXFileReference; fileEncoding = 4; lastKnownFileType = sourcecode.swift; path = WeatherStatusMapViewTests.swift; sourceTree = "<group>"; };
		562579FA20A79C8000F26D02 /* WeatherStatusTableViewCellTests.swift */ = {isa = PBXFileReference; fileEncoding = 4; lastKnownFileType = sourcecode.swift; path = WeatherStatusTableViewCellTests.swift; sourceTree = "<group>"; };
		562579FC20A79F9400F26D02 /* WeatherStatusCollectionViewCellTests.swift */ = {isa = PBXFileReference; fileEncoding = 4; lastKnownFileType = sourcecode.swift; path = WeatherStatusCollectionViewCellTests.swift; sourceTree = "<group>"; };
		56257A0020A86F6800F26D02 /* WeatherStatusImageCacheTests.swift */ = {isa = PBXFileReference; fileEncoding = 4; lastKnownFileType = sourcecode.swift; path = WeatherStatusImageCacheTests.swift; sourceTree = "<group>"; };
		56257A0220A86F8700F26D02 /* WeatherStatusTableViewModelTests.swift */ = {isa = PBXFileReference; fileEncoding = 4; lastKnownFileType = sourcecode.swift; path = WeatherStatusTableViewModelTests.swift; sourceTree = "<group>"; };
		56257A0420A8719B00F26D02 /* WeatherStatusTableViewControllerTests.swift */ = {isa = PBXFileReference; fileEncoding = 4; lastKnownFileType = sourcecode.swift; path = WeatherStatusTableViewControllerTests.swift; sourceTree = "<group>"; };
		56257A0620A87CA400F26D02 /* WeatherStatusViewControllerTests.swift */ = {isa = PBXFileReference; fileEncoding = 4; lastKnownFileType = sourcecode.swift; path = WeatherStatusViewControllerTests.swift; sourceTree = "<group>"; };
		56577D0B20A392D700B40318 /* TUIWeather.app */ = {isa = PBXFileReference; explicitFileType = wrapper.application; includeInIndex = 0; path = TUIWeather.app; sourceTree = BUILT_PRODUCTS_DIR; };
		56577D0E20A392D700B40318 /* AppDelegate.swift */ = {isa = PBXFileReference; lastKnownFileType = sourcecode.swift; path = AppDelegate.swift; sourceTree = "<group>"; };
		56577D1020A392D700B40318 /* WeatherStatusViewController.swift */ = {isa = PBXFileReference; lastKnownFileType = sourcecode.swift; path = WeatherStatusViewController.swift; sourceTree = "<group>"; };
		56577D1320A392D700B40318 /* Base */ = {isa = PBXFileReference; lastKnownFileType = file.storyboard; name = Base; path = Base.lproj/Main.storyboard; sourceTree = "<group>"; };
		56577D1820A392D900B40318 /* Assets.xcassets */ = {isa = PBXFileReference; lastKnownFileType = folder.assetcatalog; path = Assets.xcassets; sourceTree = "<group>"; };
		56577D1B20A392D900B40318 /* Base */ = {isa = PBXFileReference; lastKnownFileType = file.storyboard; name = Base; path = Base.lproj/LaunchScreen.storyboard; sourceTree = "<group>"; };
		56577D1D20A392D900B40318 /* Info.plist */ = {isa = PBXFileReference; lastKnownFileType = text.plist.xml; path = Info.plist; sourceTree = "<group>"; };
		56577D2420A3933700B40318 /* RequestManager.swift */ = {isa = PBXFileReference; fileEncoding = 4; lastKnownFileType = sourcecode.swift; path = RequestManager.swift; sourceTree = "<group>"; };
		56577D2520A3933700B40318 /* WeatherClient.swift */ = {isa = PBXFileReference; fileEncoding = 4; lastKnownFileType = sourcecode.swift; path = WeatherClient.swift; sourceTree = "<group>"; };
		56577D3020A3AD0E00B40318 /* WeatherInfo.swift */ = {isa = PBXFileReference; fileEncoding = 4; lastKnownFileType = sourcecode.swift; path = WeatherInfo.swift; sourceTree = "<group>"; };
		56577D3220A3B1F100B40318 /* WeatherInfoList.swift */ = {isa = PBXFileReference; fileEncoding = 4; lastKnownFileType = sourcecode.swift; path = WeatherInfoList.swift; sourceTree = "<group>"; };
		56577D3620A3B75A00B40318 /* WeatherInfoCity.swift */ = {isa = PBXFileReference; fileEncoding = 4; lastKnownFileType = sourcecode.swift; path = WeatherInfoCity.swift; sourceTree = "<group>"; };
		7275BC434643A20CBB7351A2 /* Pods-TUIWeatherTests.debug.xcconfig */ = {isa = PBXFileReference; includeInIndex = 1; lastKnownFileType = text.xcconfig; name = "Pods-TUIWeatherTests.debug.xcconfig"; path = "Target Support Files/Pods-TUIWeatherTests/Pods-TUIWeatherTests.debug.xcconfig"; sourceTree = "<group>"; };
		B2DA2AEC98C235D67DDA48D7 /* Pods-TUIWeatherTests.release.xcconfig */ = {isa = PBXFileReference; includeInIndex = 1; lastKnownFileType = text.xcconfig; name = "Pods-TUIWeatherTests.release.xcconfig"; path = "Target Support Files/Pods-TUIWeatherTests/Pods-TUIWeatherTests.release.xcconfig"; sourceTree = "<group>"; };
		E76D0B1F7F8691A4BC539307 /* libPods-TUIWeather.a */ = {isa = PBXFileReference; explicitFileType = archive.ar; includeInIndex = 0; path = "libPods-TUIWeather.a"; sourceTree = BUILT_PRODUCTS_DIR; };
/* End PBXFileReference section */

/* Begin PBXFrameworksBuildPhase section */
		562579C620A63E7400F26D02 /* Frameworks */ = {
			isa = PBXFrameworksBuildPhase;
			buildActionMask = 2147483647;
			files = (
				555CA312FE8F7E1E6FA8431B /* libPods-TUIWeatherTests.a in Frameworks */,
			);
			runOnlyForDeploymentPostprocessing = 0;
		};
		56577D0820A392D700B40318 /* Frameworks */ = {
			isa = PBXFrameworksBuildPhase;
			buildActionMask = 2147483647;
			files = (
				749E48FB918A8B9DEACA4F5C /* libPods-TUIWeather.a in Frameworks */,
			);
			runOnlyForDeploymentPostprocessing = 0;
		};
/* End PBXFrameworksBuildPhase section */

/* Begin PBXGroup section */
		56017D3C20A4AED000520C5E /* WeatherStatusViewController */ = {
			isa = PBXGroup;
			children = (
				562579C320A634E600F26D02 /* WeatherStatusMapVIew.swift */,
				56017D4520A4E36000520C5E /* WeatherStatusDayView.swift */,
				56017D3F20A4B04600520C5E /* WeatherStatusTableViewCell.swift */,
				56017D4320A4E0B100520C5E /* WeatherStatusCollectionViewCell.swift */,
				56017D4720A4EFE400520C5E /* WeatherStatusImageCache.swift */,
				56017D4120A4CEF300520C5E /* WeatherStatusTableViewModel.swift */,
				56017D3D20A4AF1E00520C5E /* WeatherStatusTableViewController.swift */,
				56577D1020A392D700B40318 /* WeatherStatusViewController.swift */,
			);
			path = WeatherStatusViewController;
			sourceTree = "<group>";
		};
		562579BC20A62D7F00F26D02 /* Localization */ = {
			isa = PBXGroup;
			children = (
				562579BD20A62D7F00F26D02 /* Localizable.strings */,
			);
			path = Localization;
			sourceTree = "<group>";
		};
		562579CA20A63E7400F26D02 /* TUIWeatherTests */ = {
			isa = PBXGroup;
			children = (
				562579EF20A776AA00F26D02 /* WeatherStatusViewController */,
				562579DA20A7678B00F26D02 /* DataModel */,
				562579D320A75AD000F26D02 /* Network */,
				562579CD20A63E7400F26D02 /* Info.plist */,
				562579DF20A76BD000F26D02 /* weatherInfo.json */,
				562579D820A75C3200F26D02 /* weatherInfoList.json */,
				562579EB20A76DFB00F26D02 /* weatherInfoCity.json */,
				562579E120A76BFB00F26D02 /* invalidWeatherInfo.json */,
				562579DD20A76ABD00F26D02 /* invalidWeatherInfoList.json */,
				562579ED20A76E9F00F26D02 /* invalidWeatherInfoCity.json */,
				562579F220A783D100F26D02 /* invalidWeatherInfoCityWithInvalidCoords.json */,
			);
			path = TUIWeatherTests;
			sourceTree = "<group>";
		};
		562579D320A75AD000F26D02 /* Network */ = {
			isa = PBXGroup;
			children = (
				562579D420A75AD000F26D02 /* RequestManagerTests.swift */,
				562579D620A75AF000F26D02 /* WeatherClientTests.swift */,
			);
			path = Network;
			sourceTree = "<group>";
		};
		562579DA20A7678B00F26D02 /* DataModel */ = {
			isa = PBXGroup;
			children = (
				562579E820A76DD200F26D02 /* WeatherInfoListTests.swift */,
				562579E720A76DD200F26D02 /* WeatherInfoTests.swift */,
				562579E520A76DA900F26D02 /* WeatherInfoCityTest.swift */,
			);
			path = DataModel;
			sourceTree = "<group>";
		};
		562579EF20A776AA00F26D02 /* WeatherStatusViewController */ = {
			isa = PBXGroup;
			children = (
				562579F620A79C4100F26D02 /* WeatherStatusDayViewTests.swift */,
				562579F720A79C4100F26D02 /* WeatherStatusMapViewTests.swift */,
				562579FA20A79C8000F26D02 /* WeatherStatusTableViewCellTests.swift */,
				562579FC20A79F9400F26D02 /* WeatherStatusCollectionViewCellTests.swift */,
				56257A0020A86F6800F26D02 /* WeatherStatusImageCacheTests.swift */,
				56257A0220A86F8700F26D02 /* WeatherStatusTableViewModelTests.swift */,
				56257A0420A8719B00F26D02 /* WeatherStatusTableViewControllerTests.swift */,
				56257A0620A87CA400F26D02 /* WeatherStatusViewControllerTests.swift */,
			);
			path = WeatherStatusViewController;
			sourceTree = "<group>";
		};
		56577D0220A392D700B40318 = {
			isa = PBXGroup;
			children = (
				56577D0D20A392D700B40318 /* TUIWeather */,
				562579CA20A63E7400F26D02 /* TUIWeatherTests */,
				56577D0C20A392D700B40318 /* Products */,
				5DE0E6C54BE7824A64AAA183 /* Pods */,
				A80FAE5421B9FA79A3435B0A /* Frameworks */,
			);
			sourceTree = "<group>";
		};
		56577D0C20A392D700B40318 /* Products */ = {
			isa = PBXGroup;
			children = (
				56577D0B20A392D700B40318 /* TUIWeather.app */,
				562579C920A63E7400F26D02 /* TUIWeatherTests.xctest */,
			);
			name = Products;
			sourceTree = "<group>";
		};
		56577D0D20A392D700B40318 /* TUIWeather */ = {
			isa = PBXGroup;
			children = (
				56577D2F20A3AD0E00B40318 /* DataModel */,
				56577D2320A3933700B40318 /* Network */,
				56577D0E20A392D700B40318 /* AppDelegate.swift */,
				56017D3C20A4AED000520C5E /* WeatherStatusViewController */,
				56577D1220A392D700B40318 /* Main.storyboard */,
				56577D1820A392D900B40318 /* Assets.xcassets */,
				56577D1A20A392D900B40318 /* LaunchScreen.storyboard */,
				56017D4920A4F36B00520C5E /* ukcityList.json */,
				56577D1D20A392D900B40318 /* Info.plist */,
				562579BC20A62D7F00F26D02 /* Localization */,
			);
			path = TUIWeather;
			sourceTree = "<group>";
		};
		56577D2320A3933700B40318 /* Network */ = {
			isa = PBXGroup;
			children = (
				56577D2420A3933700B40318 /* RequestManager.swift */,
				56577D2520A3933700B40318 /* WeatherClient.swift */,
			);
			path = Network;
			sourceTree = "<group>";
		};
		56577D2F20A3AD0E00B40318 /* DataModel */ = {
			isa = PBXGroup;
			children = (
				56577D3020A3AD0E00B40318 /* WeatherInfo.swift */,
				56577D3220A3B1F100B40318 /* WeatherInfoList.swift */,
				56577D3620A3B75A00B40318 /* WeatherInfoCity.swift */,
			);
			path = DataModel;
			sourceTree = "<group>";
		};
		5DE0E6C54BE7824A64AAA183 /* Pods */ = {
			isa = PBXGroup;
			children = (
				326946F84035DD0BBA60BF98 /* Pods-TUIWeather.debug.xcconfig */,
				252D9F4C67EBE6D339F15274 /* Pods-TUIWeather.release.xcconfig */,
				7275BC434643A20CBB7351A2 /* Pods-TUIWeatherTests.debug.xcconfig */,
				B2DA2AEC98C235D67DDA48D7 /* Pods-TUIWeatherTests.release.xcconfig */,
			);
			path = Pods;
			sourceTree = "<group>";
		};
		A80FAE5421B9FA79A3435B0A /* Frameworks */ = {
			isa = PBXGroup;
			children = (
				E76D0B1F7F8691A4BC539307 /* libPods-TUIWeather.a */,
				358D77FC1F221E24B34733A5 /* libPods-TUIWeatherTests.a */,
			);
			name = Frameworks;
			sourceTree = "<group>";
		};
/* End PBXGroup section */

/* Begin PBXNativeTarget section */
		562579C820A63E7400F26D02 /* TUIWeatherTests */ = {
			isa = PBXNativeTarget;
			buildConfigurationList = 562579D020A63E7400F26D02 /* Build configuration list for PBXNativeTarget "TUIWeatherTests" */;
			buildPhases = (
				EDA4502F23A93A2AF3567786 /* [CP] Check Pods Manifest.lock */,
				562579C520A63E7400F26D02 /* Sources */,
				562579C620A63E7400F26D02 /* Frameworks */,
				562579C720A63E7400F26D02 /* Resources */,
			);
			buildRules = (
			);
			dependencies = (
				562579CF20A63E7400F26D02 /* PBXTargetDependency */,
			);
			name = TUIWeatherTests;
			productName = TUIWeatherTests;
			productReference = 562579C920A63E7400F26D02 /* TUIWeatherTests.xctest */;
			productType = "com.apple.product-type.bundle.unit-test";
		};
		56577D0A20A392D700B40318 /* TUIWeather */ = {
			isa = PBXNativeTarget;
			buildConfigurationList = 56577D2020A392D900B40318 /* Build configuration list for PBXNativeTarget "TUIWeather" */;
			buildPhases = (
				7F9E00F9731E926B92768842 /* [CP] Check Pods Manifest.lock */,
				56577D0720A392D700B40318 /* Sources */,
				56577D0820A392D700B40318 /* Frameworks */,
				56577D0920A392D700B40318 /* Resources */,
				5616BBC127FEF981005E6464 /* Swift Lint */,
			);
			buildRules = (
			);
			dependencies = (
			);
			name = TUIWeather;
			productName = TUIWeather;
			productReference = 56577D0B20A392D700B40318 /* TUIWeather.app */;
			productType = "com.apple.product-type.application";
		};
/* End PBXNativeTarget section */

/* Begin PBXProject section */
		56577D0320A392D700B40318 /* Project object */ = {
			isa = PBXProject;
			attributes = {
				LastSwiftUpdateCheck = 0930;
				LastUpgradeCheck = 0930;
				ORGANIZATIONNAME = tui;
				TargetAttributes = {
					562579C820A63E7400F26D02 = {
						CreatedOnToolsVersion = 9.3;
						TestTargetID = 56577D0A20A392D700B40318;
					};
					56577D0A20A392D700B40318 = {
						CreatedOnToolsVersion = 9.3;
					};
				};
			};
			buildConfigurationList = 56577D0620A392D700B40318 /* Build configuration list for PBXProject "TUIWeather" */;
			compatibilityVersion = "Xcode 9.3";
			developmentRegion = en;
			hasScannedForEncodings = 0;
			knownRegions = (
				en,
				Base,
			);
			mainGroup = 56577D0220A392D700B40318;
			productRefGroup = 56577D0C20A392D700B40318 /* Products */;
			projectDirPath = "";
			projectRoot = "";
			targets = (
				56577D0A20A392D700B40318 /* TUIWeather */,
				562579C820A63E7400F26D02 /* TUIWeatherTests */,
			);
		};
/* End PBXProject section */

/* Begin PBXResourcesBuildPhase section */
		562579C720A63E7400F26D02 /* Resources */ = {
			isa = PBXResourcesBuildPhase;
			buildActionMask = 2147483647;
			files = (
				562579DE20A76ABD00F26D02 /* invalidWeatherInfoList.json in Resources */,
				562579EC20A76DFC00F26D02 /* weatherInfoCity.json in Resources */,
				562579D920A75C3200F26D02 /* weatherInfoList.json in Resources */,
				562579EE20A76E9F00F26D02 /* invalidWeatherInfoCity.json in Resources */,
				562579E220A76BFB00F26D02 /* invalidWeatherInfo.json in Resources */,
				562579E020A76BD000F26D02 /* weatherInfo.json in Resources */,
				562579F320A783D100F26D02 /* invalidWeatherInfoCityWithInvalidCoords.json in Resources */,
			);
			runOnlyForDeploymentPostprocessing = 0;
		};
		56577D0920A392D700B40318 /* Resources */ = {
			isa = PBXResourcesBuildPhase;
			buildActionMask = 2147483647;
			files = (
				562579C120A62D7F00F26D02 /* Localizable.strings in Resources */,
				56577D1C20A392D900B40318 /* LaunchScreen.storyboard in Resources */,
				56017D4A20A4F36B00520C5E /* ukcityList.json in Resources */,
				56577D1920A392D900B40318 /* Assets.xcassets in Resources */,
				56577D1420A392D700B40318 /* Main.storyboard in Resources */,
			);
			runOnlyForDeploymentPostprocessing = 0;
		};
/* End PBXResourcesBuildPhase section */

/* Begin PBXShellScriptBuildPhase section */
		5616BBC127FEF981005E6464 /* Swift Lint */ = {
			isa = PBXShellScriptBuildPhase;
			buildActionMask = 2147483647;
			files = (
			);
			inputFileListPaths = (
			);
			inputPaths = (
			);
			name = "Swift Lint";
			outputFileListPaths = (
			);
			outputPaths = (
			);
			runOnlyForDeploymentPostprocessing = 0;
			shellPath = /bin/sh;
			shellScript = "\"${PODS_ROOT}/SwiftLint/swiftlint\"\n";
		};
		7F9E00F9731E926B92768842 /* [CP] Check Pods Manifest.lock */ = {
			isa = PBXShellScriptBuildPhase;
			buildActionMask = 2147483647;
			files = (
			);
			inputFileListPaths = (
			);
			inputPaths = (
				"${PODS_PODFILE_DIR_PATH}/Podfile.lock",
				"${PODS_ROOT}/Manifest.lock",
			);
			name = "[CP] Check Pods Manifest.lock";
			outputFileListPaths = (
			);
			outputPaths = (
				"$(DERIVED_FILE_DIR)/Pods-TUIWeather-checkManifestLockResult.txt",
			);
			runOnlyForDeploymentPostprocessing = 0;
			shellPath = /bin/sh;
			shellScript = "diff \"${PODS_PODFILE_DIR_PATH}/Podfile.lock\" \"${PODS_ROOT}/Manifest.lock\" > /dev/null\nif [ $? != 0 ] ; then\n    # print error to STDERR\n    echo \"error: The sandbox is not in sync with the Podfile.lock. Run 'pod install' or update your CocoaPods installation.\" >&2\n    exit 1\nfi\n# This output is used by Xcode 'outputs' to avoid re-running this script phase.\necho \"SUCCESS\" > \"${SCRIPT_OUTPUT_FILE_0}\"\n";
			showEnvVarsInLog = 0;
		};
		EDA4502F23A93A2AF3567786 /* [CP] Check Pods Manifest.lock */ = {
			isa = PBXShellScriptBuildPhase;
			buildActionMask = 2147483647;
			files = (
			);
			inputFileListPaths = (
			);
			inputPaths = (
				"${PODS_PODFILE_DIR_PATH}/Podfile.lock",
				"${PODS_ROOT}/Manifest.lock",
			);
			name = "[CP] Check Pods Manifest.lock";
			outputFileListPaths = (
			);
			outputPaths = (
				"$(DERIVED_FILE_DIR)/Pods-TUIWeatherTests-checkManifestLockResult.txt",
			);
			runOnlyForDeploymentPostprocessing = 0;
			shellPath = /bin/sh;
			shellScript = "diff \"${PODS_PODFILE_DIR_PATH}/Podfile.lock\" \"${PODS_ROOT}/Manifest.lock\" > /dev/null\nif [ $? != 0 ] ; then\n    # print error to STDERR\n    echo \"error: The sandbox is not in sync with the Podfile.lock. Run 'pod install' or update your CocoaPods installation.\" >&2\n    exit 1\nfi\n# This output is used by Xcode 'outputs' to avoid re-running this script phase.\necho \"SUCCESS\" > \"${SCRIPT_OUTPUT_FILE_0}\"\n";
			showEnvVarsInLog = 0;
		};
/* End PBXShellScriptBuildPhase section */

/* Begin PBXSourcesBuildPhase section */
		562579C520A63E7400F26D02 /* Sources */ = {
			isa = PBXSourcesBuildPhase;
			buildActionMask = 2147483647;
			files = (
				56257A0520A8719B00F26D02 /* WeatherStatusTableViewControllerTests.swift in Sources */,
				562579F920A79C4100F26D02 /* WeatherStatusMapViewTests.swift in Sources */,
				562579F820A79C4100F26D02 /* WeatherStatusDayViewTests.swift in Sources */,
				562579FB20A79C8100F26D02 /* WeatherStatusTableViewCellTests.swift in Sources */,
				562579E920A76DD200F26D02 /* WeatherInfoTests.swift in Sources */,
				562579E620A76DA900F26D02 /* WeatherInfoCityTest.swift in Sources */,
				56257A0120A86F6800F26D02 /* WeatherStatusImageCacheTests.swift in Sources */,
				56257A0320A86F8700F26D02 /* WeatherStatusTableViewModelTests.swift in Sources */,
				562579D520A75AD000F26D02 /* RequestManagerTests.swift in Sources */,
				562579D720A75AF100F26D02 /* WeatherClientTests.swift in Sources */,
				562579FD20A79F9400F26D02 /* WeatherStatusCollectionViewCellTests.swift in Sources */,
				56257A0720A87CA400F26D02 /* WeatherStatusViewControllerTests.swift in Sources */,
				562579EA20A76DD200F26D02 /* WeatherInfoListTests.swift in Sources */,
			);
			runOnlyForDeploymentPostprocessing = 0;
		};
		56577D0720A392D700B40318 /* Sources */ = {
			isa = PBXSourcesBuildPhase;
			buildActionMask = 2147483647;
			files = (
				56577D2620A3933700B40318 /* RequestManager.swift in Sources */,
				56017D4420A4E0B100520C5E /* WeatherStatusCollectionViewCell.swift in Sources */,
				56577D1120A392D700B40318 /* WeatherStatusViewController.swift in Sources */,
				56017D4820A4EFE400520C5E /* WeatherStatusImageCache.swift in Sources */,
				56577D3320A3B1F100B40318 /* WeatherInfoList.swift in Sources */,
				56577D3720A3B75A00B40318 /* WeatherInfoCity.swift in Sources */,
				56017D4620A4E36000520C5E /* WeatherStatusDayView.swift in Sources */,
				56017D3E20A4AF1E00520C5E /* WeatherStatusTableViewController.swift in Sources */,
				56577D3120A3AD0E00B40318 /* WeatherInfo.swift in Sources */,
				56017D4220A4CEF300520C5E /* WeatherStatusTableViewModel.swift in Sources */,
				562579C420A634E600F26D02 /* WeatherStatusMapVIew.swift in Sources */,
				56017D4020A4B04600520C5E /* WeatherStatusTableViewCell.swift in Sources */,
				56577D0F20A392D700B40318 /* AppDelegate.swift in Sources */,
				56577D2720A3933700B40318 /* WeatherClient.swift in Sources */,
			);
			runOnlyForDeploymentPostprocessing = 0;
		};
/* End PBXSourcesBuildPhase section */

/* Begin PBXTargetDependency section */
		562579CF20A63E7400F26D02 /* PBXTargetDependency */ = {
			isa = PBXTargetDependency;
			target = 56577D0A20A392D700B40318 /* TUIWeather */;
			targetProxy = 562579CE20A63E7400F26D02 /* PBXContainerItemProxy */;
		};
/* End PBXTargetDependency section */

/* Begin PBXVariantGroup section */
		562579BD20A62D7F00F26D02 /* Localizable.strings */ = {
			isa = PBXVariantGroup;
			children = (
				562579BE20A62D7F00F26D02 /* en */,
			);
			name = Localizable.strings;
			sourceTree = "<group>";
		};
		56577D1220A392D700B40318 /* Main.storyboard */ = {
			isa = PBXVariantGroup;
			children = (
				56577D1320A392D700B40318 /* Base */,
			);
			name = Main.storyboard;
			sourceTree = "<group>";
		};
		56577D1A20A392D900B40318 /* LaunchScreen.storyboard */ = {
			isa = PBXVariantGroup;
			children = (
				56577D1B20A392D900B40318 /* Base */,
			);
			name = LaunchScreen.storyboard;
			sourceTree = "<group>";
		};
/* End PBXVariantGroup section */

/* Begin XCBuildConfiguration section */
		562579D120A63E7400F26D02 /* Debug */ = {
			isa = XCBuildConfiguration;
			baseConfigurationReference = 7275BC434643A20CBB7351A2 /* Pods-TUIWeatherTests.debug.xcconfig */;
			buildSettings = {
				BUNDLE_LOADER = "$(TEST_HOST)";
				CODE_SIGN_STYLE = Automatic;
				DEVELOPMENT_TEAM = RF4LJPC23U;
				INFOPLIST_FILE = TUIWeatherTests/Info.plist;
				IPHONEOS_DEPLOYMENT_TARGET = 15.0;
				LD_RUNPATH_SEARCH_PATHS = (
					"$(inherited)",
					"@executable_path/Frameworks",
					"@loader_path/Frameworks",
				);
				PRODUCT_BUNDLE_IDENTIFIER = com.tui.weather.TUIWeatherTests;
				PRODUCT_NAME = "$(TARGET_NAME)";
				SWIFT_VERSION = 4.0;
				TARGETED_DEVICE_FAMILY = "1,2";
				TEST_HOST = "$(BUILT_PRODUCTS_DIR)/TUIWeather.app/TUIWeather";
			};
			name = Debug;
		};
		562579D220A63E7400F26D02 /* Release */ = {
			isa = XCBuildConfiguration;
			baseConfigurationReference = B2DA2AEC98C235D67DDA48D7 /* Pods-TUIWeatherTests.release.xcconfig */;
			buildSettings = {
				BUNDLE_LOADER = "$(TEST_HOST)";
				CODE_SIGN_STYLE = Automatic;
				DEVELOPMENT_TEAM = RF4LJPC23U;
				INFOPLIST_FILE = TUIWeatherTests/Info.plist;
				IPHONEOS_DEPLOYMENT_TARGET = 15.0;
				LD_RUNPATH_SEARCH_PATHS = (
					"$(inherited)",
					"@executable_path/Frameworks",
					"@loader_path/Frameworks",
				);
				PRODUCT_BUNDLE_IDENTIFIER = com.tui.weather.TUIWeatherTests;
				PRODUCT_NAME = "$(TARGET_NAME)";
				SWIFT_VERSION = 4.0;
				TARGETED_DEVICE_FAMILY = "1,2";
				TEST_HOST = "$(BUILT_PRODUCTS_DIR)/TUIWeather.app/TUIWeather";
			};
			name = Release;
		};
		56577D1E20A392D900B40318 /* Debug */ = {
			isa = XCBuildConfiguration;
			buildSettings = {
				ALWAYS_SEARCH_USER_PATHS = NO;
				CLANG_ANALYZER_NONNULL = YES;
				CLANG_ANALYZER_NUMBER_OBJECT_CONVERSION = YES_AGGRESSIVE;
				CLANG_CXX_LANGUAGE_STANDARD = "gnu++14";
				CLANG_CXX_LIBRARY = "libc++";
				CLANG_ENABLE_MODULES = YES;
				CLANG_ENABLE_OBJC_ARC = YES;
				CLANG_ENABLE_OBJC_WEAK = YES;
				CLANG_WARN_BLOCK_CAPTURE_AUTORELEASING = YES;
				CLANG_WARN_BOOL_CONVERSION = YES;
				CLANG_WARN_COMMA = YES;
				CLANG_WARN_CONSTANT_CONVERSION = YES;
				CLANG_WARN_DEPRECATED_OBJC_IMPLEMENTATIONS = YES;
				CLANG_WARN_DIRECT_OBJC_ISA_USAGE = YES_ERROR;
				CLANG_WARN_DOCUMENTATION_COMMENTS = YES;
				CLANG_WARN_EMPTY_BODY = YES;
				CLANG_WARN_ENUM_CONVERSION = YES;
				CLANG_WARN_INFINITE_RECURSION = YES;
				CLANG_WARN_INT_CONVERSION = YES;
				CLANG_WARN_NON_LITERAL_NULL_CONVERSION = YES;
				CLANG_WARN_OBJC_IMPLICIT_RETAIN_SELF = YES;
				CLANG_WARN_OBJC_LITERAL_CONVERSION = YES;
				CLANG_WARN_OBJC_ROOT_CLASS = YES_ERROR;
				CLANG_WARN_RANGE_LOOP_ANALYSIS = YES;
				CLANG_WARN_STRICT_PROTOTYPES = YES;
				CLANG_WARN_SUSPICIOUS_MOVE = YES;
				CLANG_WARN_UNGUARDED_AVAILABILITY = YES_AGGRESSIVE;
				CLANG_WARN_UNREACHABLE_CODE = YES;
				CLANG_WARN__DUPLICATE_METHOD_MATCH = YES;
				CODE_SIGN_IDENTITY = "iPhone Developer";
				COPY_PHASE_STRIP = NO;
				DEBUG_INFORMATION_FORMAT = dwarf;
				ENABLE_STRICT_OBJC_MSGSEND = YES;
				ENABLE_TESTABILITY = YES;
				GCC_C_LANGUAGE_STANDARD = gnu11;
				GCC_DYNAMIC_NO_PIC = NO;
				GCC_NO_COMMON_BLOCKS = YES;
				GCC_OPTIMIZATION_LEVEL = 0;
				GCC_PREPROCESSOR_DEFINITIONS = (
					"DEBUG=1",
					"$(inherited)",
				);
				GCC_WARN_64_TO_32_BIT_CONVERSION = YES;
				GCC_WARN_ABOUT_RETURN_TYPE = YES_ERROR;
				GCC_WARN_UNDECLARED_SELECTOR = YES;
				GCC_WARN_UNINITIALIZED_AUTOS = YES_AGGRESSIVE;
				GCC_WARN_UNUSED_FUNCTION = YES;
				GCC_WARN_UNUSED_VARIABLE = YES;
				IPHONEOS_DEPLOYMENT_TARGET = 11.3;
				MTL_ENABLE_DEBUG_INFO = YES;
				ONLY_ACTIVE_ARCH = YES;
				SDKROOT = iphoneos;
				SWIFT_ACTIVE_COMPILATION_CONDITIONS = DEBUG;
				SWIFT_OPTIMIZATION_LEVEL = "-Onone";
			};
			name = Debug;
		};
		56577D1F20A392D900B40318 /* Release */ = {
			isa = XCBuildConfiguration;
			buildSettings = {
				ALWAYS_SEARCH_USER_PATHS = NO;
				CLANG_ANALYZER_NONNULL = YES;
				CLANG_ANALYZER_NUMBER_OBJECT_CONVERSION = YES_AGGRESSIVE;
				CLANG_CXX_LANGUAGE_STANDARD = "gnu++14";
				CLANG_CXX_LIBRARY = "libc++";
				CLANG_ENABLE_MODULES = YES;
				CLANG_ENABLE_OBJC_ARC = YES;
				CLANG_ENABLE_OBJC_WEAK = YES;
				CLANG_WARN_BLOCK_CAPTURE_AUTORELEASING = YES;
				CLANG_WARN_BOOL_CONVERSION = YES;
				CLANG_WARN_COMMA = YES;
				CLANG_WARN_CONSTANT_CONVERSION = YES;
				CLANG_WARN_DEPRECATED_OBJC_IMPLEMENTATIONS = YES;
				CLANG_WARN_DIRECT_OBJC_ISA_USAGE = YES_ERROR;
				CLANG_WARN_DOCUMENTATION_COMMENTS = YES;
				CLANG_WARN_EMPTY_BODY = YES;
				CLANG_WARN_ENUM_CONVERSION = YES;
				CLANG_WARN_INFINITE_RECURSION = YES;
				CLANG_WARN_INT_CONVERSION = YES;
				CLANG_WARN_NON_LITERAL_NULL_CONVERSION = YES;
				CLANG_WARN_OBJC_IMPLICIT_RETAIN_SELF = YES;
				CLANG_WARN_OBJC_LITERAL_CONVERSION = YES;
				CLANG_WARN_OBJC_ROOT_CLASS = YES_ERROR;
				CLANG_WARN_RANGE_LOOP_ANALYSIS = YES;
				CLANG_WARN_STRICT_PROTOTYPES = YES;
				CLANG_WARN_SUSPICIOUS_MOVE = YES;
				CLANG_WARN_UNGUARDED_AVAILABILITY = YES_AGGRESSIVE;
				CLANG_WARN_UNREACHABLE_CODE = YES;
				CLANG_WARN__DUPLICATE_METHOD_MATCH = YES;
				CODE_SIGN_IDENTITY = "iPhone Developer";
				COPY_PHASE_STRIP = NO;
				DEBUG_INFORMATION_FORMAT = "dwarf-with-dsym";
				ENABLE_NS_ASSERTIONS = NO;
				ENABLE_STRICT_OBJC_MSGSEND = YES;
				GCC_C_LANGUAGE_STANDARD = gnu11;
				GCC_NO_COMMON_BLOCKS = YES;
				GCC_WARN_64_TO_32_BIT_CONVERSION = YES;
				GCC_WARN_ABOUT_RETURN_TYPE = YES_ERROR;
				GCC_WARN_UNDECLARED_SELECTOR = YES;
				GCC_WARN_UNINITIALIZED_AUTOS = YES_AGGRESSIVE;
				GCC_WARN_UNUSED_FUNCTION = YES;
				GCC_WARN_UNUSED_VARIABLE = YES;
				IPHONEOS_DEPLOYMENT_TARGET = 11.3;
				MTL_ENABLE_DEBUG_INFO = NO;
				SDKROOT = iphoneos;
				SWIFT_COMPILATION_MODE = wholemodule;
				SWIFT_OPTIMIZATION_LEVEL = "-O";
				VALIDATE_PRODUCT = YES;
			};
			name = Release;
		};
		56577D2120A392D900B40318 /* Debug */ = {
			isa = XCBuildConfiguration;
			baseConfigurationReference = 326946F84035DD0BBA60BF98 /* Pods-TUIWeather.debug.xcconfig */;
			buildSettings = {
				ASSETCATALOG_COMPILER_APPICON_NAME = AppIcon;
				CODE_SIGN_STYLE = Automatic;
				DEVELOPMENT_TEAM = RF4LJPC23U;
				INFOPLIST_FILE = TUIWeather/Info.plist;
				IPHONEOS_DEPLOYMENT_TARGET = 15.0;
				LD_RUNPATH_SEARCH_PATHS = (
					"$(inherited)",
					"@executable_path/Frameworks",
				);
				PRODUCT_BUNDLE_IDENTIFIER = com.tui.weather.TUIWeather;
				PRODUCT_NAME = "$(TARGET_NAME)";
				SWIFT_VERSION = 4.0;
				TARGETED_DEVICE_FAMILY = "1,2";
			};
			name = Debug;
		};
		56577D2220A392D900B40318 /* Release */ = {
			isa = XCBuildConfiguration;
			baseConfigurationReference = 252D9F4C67EBE6D339F15274 /* Pods-TUIWeather.release.xcconfig */;
			buildSettings = {
				ASSETCATALOG_COMPILER_APPICON_NAME = AppIcon;
				CODE_SIGN_STYLE = Automatic;
				DEVELOPMENT_TEAM = RF4LJPC23U;
				INFOPLIST_FILE = TUIWeather/Info.plist;
				IPHONEOS_DEPLOYMENT_TARGET = 15.0;
				LD_RUNPATH_SEARCH_PATHS = (
					"$(inherited)",
					"@executable_path/Frameworks",
				);
				PRODUCT_BUNDLE_IDENTIFIER = com.tui.weather.TUIWeather;
				PRODUCT_NAME = "$(TARGET_NAME)";
				SWIFT_VERSION = 4.0;
				TARGETED_DEVICE_FAMILY = "1,2";
			};
			name = Release;
		};
/* End XCBuildConfiguration section */

/* Begin XCConfigurationList section */
		562579D020A63E7400F26D02 /* Build configuration list for PBXNativeTarget "TUIWeatherTests" */ = {
			isa = XCConfigurationList;
			buildConfigurations = (
				562579D120A63E7400F26D02 /* Debug */,
				562579D220A63E7400F26D02 /* Release */,
			);
			defaultConfigurationIsVisible = 0;
			defaultConfigurationName = Release;
		};
		56577D0620A392D700B40318 /* Build configuration list for PBXProject "TUIWeather" */ = {
			isa = XCConfigurationList;
			buildConfigurations = (
				56577D1E20A392D900B40318 /* Debug */,
				56577D1F20A392D900B40318 /* Release */,
			);
			defaultConfigurationIsVisible = 0;
			defaultConfigurationName = Release;
		};
		56577D2020A392D900B40318 /* Build configuration list for PBXNativeTarget "TUIWeather" */ = {
			isa = XCConfigurationList;
			buildConfigurations = (
				56577D2120A392D900B40318 /* Debug */,
				56577D2220A392D900B40318 /* Release */,
			);
			defaultConfigurationIsVisible = 0;
			defaultConfigurationName = Release;
		};
/* End XCConfigurationList section */
	};
	rootObject = 56577D0320A392D700B40318 /* Project object */;
}
